
Microsoft Visual Studio Solution File, Format Version 12.00
# Visual Studio Version 17
VisualStudioVersion = 17.12.35707.178
MinimumVisualStudioVersion = 10.0.40219.1
Project("{FAE04EC0-301F-11D3-BF4B-00C04F79EFBC}") = "PreLoaderKoGaMa", "PreLoaderKoGaMa\PreLoaderKoGaMa.csproj", "{881037A8-1D89-4C57-A41E-F56C686D416A}"
EndProject
Project("{FAE04EC0-301F-11D3-BF4B-00C04F79EFBC}") = "PreLoaderKoGaMa.Installer", "PreLoaderKoGaMa.Installer\PreLoaderKoGaMa.Installer.csproj", "{E9D2C9F8-6CF6-440F-917D-DA8BB1444351}"
EndProject
Project("{D954291E-2A0B-460D-934E-DC6B0785DB48}") = "PreLoaderKoGaMa.Installer.Shared", "PreLoaderKoGaMa.Installer.Shared\PreLoaderKoGaMa.Installer.Shared.shproj", "{44C89863-E8A1-4DC6-BC42-8B4029671F05}"
EndProject
Project("{2150E333-8FDC-42A3-9474-1A3956D46DE8}") = "Itens de Solução", "Itens de Solução", "{30B850C1-211C-4F8A-BBFB-A57400FA508F}"
	ProjectSection(SolutionItems) = preProject
		README.md = README.md
	EndProjectSection
EndProject
Project("{FAE04EC0-301F-11D3-BF4B-00C04F79EFBC}") = "PreLoaderKoGaMa.Plugins.KoGaMaTools", "PreLoaderKoGaMa.Plugins.KoGaMaTools\PreLoaderKoGaMa.Plugins.KoGaMaTools.csproj", "{805902A8-8E43-4CA7-8ED5-820E0AF952C1}"
EndProject
Project("{FAE04EC0-301F-11D3-BF4B-00C04F79EFBC}") = "PreLoaderKoGaMa.Plugins.BepInEx", "PreLoaderKoGaMa.Plugins.BepInEx\PreLoaderKoGaMa.Plugins.BepInEx.csproj", "{A7A37488-4C37-4EAD-80FF-6B06013F4C55}"
EndProject
Project("{2150E333-8FDC-42A3-9474-1A3956D46DE8}") = "Packages", "Packages", "{043F3299-530C-49A7-AC7D-DFA88D714FF5}"
	ProjectSection(SolutionItems) = preProject
		package-example.json = package-example.json
		packages-info.json = packages-info.json
	EndProjectSection
EndProject
Global
	GlobalSection(SolutionConfigurationPlatforms) = preSolution
		Debug|Any CPU = Debug|Any CPU
		Release|Any CPU = Release|Any CPU
	EndGlobalSection
	GlobalSection(ProjectConfigurationPlatforms) = postSolution
		{881037A8-1D89-4C57-A41E-F56C686D416A}.Debug|Any CPU.ActiveCfg = Debug|Any CPU
		{881037A8-1D89-4C57-A41E-F56C686D416A}.Debug|Any CPU.Build.0 = Debug|Any CPU
		{881037A8-1D89-4C57-A41E-F56C686D416A}.Release|Any CPU.ActiveCfg = Release|Any CPU
		{881037A8-1D89-4C57-A41E-F56C686D416A}.Release|Any CPU.Build.0 = Release|Any CPU
		{E9D2C9F8-6CF6-440F-917D-DA8BB1444351}.Debug|Any CPU.ActiveCfg = Debug|Any CPU
		{E9D2C9F8-6CF6-440F-917D-DA8BB1444351}.Debug|Any CPU.Build.0 = Debug|Any CPU
		{E9D2C9F8-6CF6-440F-917D-DA8BB1444351}.Release|Any CPU.ActiveCfg = Release|Any CPU
		{E9D2C9F8-6CF6-440F-917D-DA8BB1444351}.Release|Any CPU.Build.0 = Release|Any CPU
		{805902A8-8E43-4CA7-8ED5-820E0AF952C1}.Debug|Any CPU.ActiveCfg = Debug|Any CPU
		{805902A8-8E43-4CA7-8ED5-820E0AF952C1}.Debug|Any CPU.Build.0 = Debug|Any CPU
		{805902A8-8E43-4CA7-8ED5-820E0AF952C1}.Release|Any CPU.ActiveCfg = Release|Any CPU
		{805902A8-8E43-4CA7-8ED5-820E0AF952C1}.Release|Any CPU.Build.0 = Release|Any CPU
		{A7A37488-4C37-4EAD-80FF-6B06013F4C55}.Debug|Any CPU.ActiveCfg = Debug|Any CPU
		{A7A37488-4C37-4EAD-80FF-6B06013F4C55}.Debug|Any CPU.Build.0 = Debug|Any CPU
		{A7A37488-4C37-4EAD-80FF-6B06013F4C55}.Release|Any CPU.ActiveCfg = Release|Any CPU
		{A7A37488-4C37-4EAD-80FF-6B06013F4C55}.Release|Any CPU.Build.0 = Release|Any CPU
	EndGlobalSection
	GlobalSection(SolutionProperties) = preSolution
		HideSolutionNode = FALSE
	EndGlobalSection
	GlobalSection(NestedProjects) = preSolution
		{043F3299-530C-49A7-AC7D-DFA88D714FF5} = {30B850C1-211C-4F8A-BBFB-A57400FA508F}
	EndGlobalSection
	GlobalSection(SharedMSBuildProjectFiles) = preSolution
		PreLoaderKoGaMa.Installer.Shared\PreLoaderKoGaMa.Installer.Shared.projitems*{44c89863-e8a1-4dc6-bc42-8b4029671f05}*SharedItemsImports = 13
		PreLoaderKoGaMa.Installer.Shared\PreLoaderKoGaMa.Installer.Shared.projitems*{e9d2c9f8-6cf6-440f-917d-da8bb1444351}*SharedItemsImports = 5
	EndGlobalSection
EndGlobal
